
Microsoft Visual Studio Solution File, Format Version 12.00
# Visual Studio 2013
VisualStudioVersion = 12.0.21005.1
MinimumVisualStudioVersion = 10.0.40219.1
Project("{8BC9CEB8-8B4A-11D0-8D11-00A0C91BC942}") = "DZ_19_04_15_03_ComboBox", "DZ_19_04_15_03_ComboBox\DZ_19_04_15_03_ComboBox.vcxproj", "{023F6CC2-2F5E-42B8-80B7-15D255FC05A0}"
EndProject
Global
	GlobalSection(SolutionConfigurationPlatforms) = preSolution
		Debug|Win32 = Debug|Win32
		Release|Win32 = Release|Win32
	EndGlobalSection
	GlobalSection(ProjectConfigurationPlatforms) = postSolution
		{023F6CC2-2F5E-42B8-80B7-15D255FC05A0}.Debug|Win32.ActiveCfg = Debug|Win32
		{023F6CC2-2F5E-42B8-80B7-15D255FC05A0}.Debug|Win32.Build.0 = Debug|Win32
		{023F6CC2-2F5E-42B8-80B7-15D255FC05A0}.Release|Win32.ActiveCfg = Release|Win32
		{023F6CC2-2F5E-42B8-80B7-15D255FC05A0}.Release|Win32.Build.0 = Release|Win32
	EndGlobalSection
	GlobalSection(SolutionProperties) = preSolution
		HideSolutionNode = FALSE
	EndGlobalSection
EndGlobal
